// !$*UTF8*$!
{
	archiveVersion = 1;
	classes = {
	};
	objectVersion = 46;
	objects = {

/* Begin PBXBuildFile section */
		C6121BDE19FE353300599354 /* main.m in Sources */ = {isa = PBXBuildFile; fileRef = C6121BDD19FE353300599354 /* main.m */; };
		C6121BE119FE353300599354 /* AppDelegate.m in Sources */ = {isa = PBXBuildFile; fileRef = C6121BE019FE353300599354 /* AppDelegate.m */; };
		C6121BE419FE353300599354 /* ViewController.m in Sources */ = {isa = PBXBuildFile; fileRef = C6121BE319FE353300599354 /* ViewController.m */; };
		C6121BE719FE353300599354 /* Main.storyboard in Resources */ = {isa = PBXBuildFile; fileRef = C6121BE519FE353300599354 /* Main.storyboard */; };
		C6121BE919FE353300599354 /* Images.xcassets in Resources */ = {isa = PBXBuildFile; fileRef = C6121BE819FE353300599354 /* Images.xcassets */; };
		C6121BEC19FE353300599354 /* LaunchScreen.xib in Resources */ = {isa = PBXBuildFile; fileRef = C6121BEA19FE353300599354 /* LaunchScreen.xib */; };
		C6121BF819FE353300599354 /* TestProjTests.m in Sources */ = {isa = PBXBuildFile; fileRef = C6121BF719FE353300599354 /* TestProjTests.m */; };
/* End PBXBuildFile section */

/* Begin PBXContainerItemProxy section */
		C6121BF219FE353300599354 /* PBXContainerItemProxy */ = {
			isa = PBXContainerItemProxy;
			containerPortal = C6121BD019FE353300599354 /* Project object */;
			proxyType = 1;
			remoteGlobalIDString = C6121BD719FE353300599354;
			remoteInfo = TestProj;
		};
/* End PBXContainerItemProxy section */

/* Begin PBXFileReference section */
		C6121BD819FE353300599354 /* TestProj.app */ = {isa = PBXFileReference; explicitFileType = wrapper.application; includeInIndex = 0; path = TestProj.app; sourceTree = BUILT_PRODUCTS_DIR; };
		C6121BDC19FE353300599354 /* Info.plist */ = {isa = PBXFileReference; lastKnownFileType = text.plist.xml; path = Info.plist; sourceTree = "<group>"; };
		C6121BDD19FE353300599354 /* main.m */ = {isa = PBXFileReference; lastKnownFileType = sourcecode.c.objc; path = main.m; sourceTree = "<group>"; };
		C6121BDF19FE353300599354 /* AppDelegate.h */ = {isa = PBXFileReference; lastKnownFileType = sourcecode.c.h; path = AppDelegate.h; sourceTree = "<group>"; };
		C6121BE019FE353300599354 /* AppDelegate.m */ = {isa = PBXFileReference; lastKnownFileType = sourcecode.c.objc; path = AppDelegate.m; sourceTree = "<group>"; };
		C6121BE219FE353300599354 /* ViewController.h */ = {isa = PBXFileReference; lastKnownFileType = sourcecode.c.h; path = ViewController.h; sourceTree = "<group>"; };
		C6121BE319FE353300599354 /* ViewController.m */ = {isa = PBXFileReference; lastKnownFileType = sourcecode.c.objc; path = ViewController.m; sourceTree = "<group>"; };
		C6121BE619FE353300599354 /* Base */ = {isa = PBXFileReference; lastKnownFileType = file.storyboard; name = Base; path = Base.lproj/Main.storyboard; sourceTree = "<group>"; };
		C6121BE819FE353300599354 /* Images.xcassets */ = {isa = PBXFileReference; lastKnownFileType = folder.assetcatalog; path = Images.xcassets; sourceTree = "<group>"; };
		C6121BEB19FE353300599354 /* Base */ = {isa = PBXFileReference; lastKnownFileType = file.xib; name = Base; path = Base.lproj/LaunchScreen.xib; sourceTree = "<group>"; };
		C6121BF119FE353300599354 /* TestProjTests.xctest */ = {isa = PBXFileReference; explicitFileType = wrapper.cfbundle; includeInIndex = 0; path = TestProjTests.xctest; sourceTree = BUILT_PRODUCTS_DIR; };
		C6121BF619FE353300599354 /* Info.plist */ = {isa = PBXFileReference; lastKnownFileType = text.plist.xml; path = Info.plist; sourceTree = "<group>"; };
		C6121BF719FE353300599354 /* TestProjTests.m */ = {isa = PBXFileReference; lastKnownFileType = sourcecode.c.objc; path = TestProjTests.m; sourceTree = "<group>"; };
/* End PBXFileReference section */

/* Begin PBXFrameworksBuildPhase section */
		C6121BD519FE353300599354 /* Frameworks */ = {
			isa = PBXFrameworksBuildPhase;
			buildActionMask = 2147483647;
			files = (
			);
			runOnlyForDeploymentPostprocessing = 0;
		};
		C6121BEE19FE353300599354 /* Frameworks */ = {
			isa = PBXFrameworksBuildPhase;
			buildActionMask = 2147483647;
			files = (
			);
			runOnlyForDeploymentPostprocessing = 0;
		};
/* End PBXFrameworksBuildPhase section */

/* Begin PBXGroup section */
		C6121BCF19FE353300599354 = {
			isa = PBXGroup;
			children = (
				C6121BDA19FE353300599354 /* TestProj */,
				C6121BF419FE353300599354 /* TestProjTests */,
				C6121BD919FE353300599354 /* Products */,
			);
			sourceTree = "<group>";
		};
		C6121BD919FE353300599354 /* Products */ = {
			isa = PBXGroup;
			children = (
				C6121BD819FE353300599354 /* TestProj.app */,
				C6121BF119FE353300599354 /* TestProjTests.xctest */,
			);
			name = Products;
			sourceTree = "<group>";
		};
		C6121BDA19FE353300599354 /* TestProj */ = {
			isa = PBXGroup;
			children = (
				C6121BDF19FE353300599354 /* AppDelegate.h */,
				C6121BE019FE353300599354 /* AppDelegate.m */,
				C6121BE219FE353300599354 /* ViewController.h */,
				C6121BE319FE353300599354 /* ViewController.m */,
				C6121BE519FE353300599354 /* Main.storyboard */,
				C6121BE819FE353300599354 /* Images.xcassets */,
				C6121BEA19FE353300599354 /* LaunchScreen.xib */,
				C6121BDB19FE353300599354 /* Supporting Files */,
			);
			path = TestProj;
			sourceTree = "<group>";
		};
		C6121BDB19FE353300599354 /* Supporting Files */ = {
			isa = PBXGroup;
			children = (
				C6121BDC19FE353300599354 /* Info.plist */,
				C6121BDD19FE353300599354 /* main.m */,
			);
			name = "Supporting Files";
			sourceTree = "<group>";
		};
		C6121BF419FE353300599354 /* TestProjTests */ = {
			isa = PBXGroup;
			children = (
				C6121BF719FE353300599354 /* TestProjTests.m */,
				C6121BF519FE353300599354 /* Supporting Files */,
			);
			path = TestProjTests;
			sourceTree = "<group>";
		};
		C6121BF519FE353300599354 /* Supporting Files */ = {
			isa = PBXGroup;
			children = (
				C6121BF619FE353300599354 /* Info.plist */,
			);
			name = "Supporting Files";
			sourceTree = "<group>";
		};
/* End PBXGroup section */

/* Begin PBXNativeTarget section */
		C6121BD719FE353300599354 /* TestProj */ = {
			isa = PBXNativeTarget;
			buildConfigurationList = C6121BFB19FE353300599354 /* Build configuration list for PBXNativeTarget "TestProj" */;
			buildPhases = (
				C6121BD419FE353300599354 /* Sources */,
				C6121BD519FE353300599354 /* Frameworks */,
				C6121BD619FE353300599354 /* Resources */,
			);
			buildRules = (
			);
			dependencies = (
			);
			name = TestProj;
			productName = TestProj;
			productReference = C6121BD819FE353300599354 /* TestProj.app */;
			productType = "com.apple.product-type.application";
		};
		C6121BF019FE353300599354 /* TestProjTests */ = {
			isa = PBXNativeTarget;
			buildConfigurationList = C6121BFE19FE353300599354 /* Build configuration list for PBXNativeTarget "TestProjTests" */;
			buildPhases = (
				C6121BED19FE353300599354 /* Sources */,
				C6121BEE19FE353300599354 /* Frameworks */,
				C6121BEF19FE353300599354 /* Resources */,
			);
			buildRules = (
			);
			dependencies = (
				C6121BF319FE353300599354 /* PBXTargetDependency */,
			);
			name = TestProjTests;
			productName = TestProjTests;
			productReference = C6121BF119FE353300599354 /* TestProjTests.xctest */;
			productType = "com.apple.product-type.bundle.unit-test";
		};
/* End PBXNativeTarget section */

/* Begin PBXProject section */
		C6121BD019FE353300599354 /* Project object */ = {
			isa = PBXProject;
			attributes = {
				LastUpgradeCheck = 0600;
				ORGANIZATIONNAME = punchh;
				TargetAttributes = {
					C6121BD719FE353300599354 = {
						CreatedOnToolsVersion = 6.0;
					};
					C6121BF019FE353300599354 = {
						CreatedOnToolsVersion = 6.0;
						TestTargetID = C6121BD719FE353300599354;
					};
				};
			};
			buildConfigurationList = C6121BD319FE353300599354 /* Build configuration list for PBXProject "TestProj" */;
			compatibilityVersion = "Xcode 3.2";
			developmentRegion = English;
			hasScannedForEncodings = 0;
			knownRegions = (
				en,
				Base,
			);
			mainGroup = C6121BCF19FE353300599354;
			productRefGroup = C6121BD919FE353300599354 /* Products */;
			projectDirPath = "";
			projectRoot = "";
			targets = (
				C6121BD719FE353300599354 /* TestProj */,
				C6121BF019FE353300599354 /* TestProjTests */,
			);
		};
/* End PBXProject section */

/* Begin PBXResourcesBuildPhase section */
		C6121BD619FE353300599354 /* Resources */ = {
			isa = PBXResourcesBuildPhase;
			buildActionMask = 2147483647;
			files = (
				C6121BE719FE353300599354 /* Main.storyboard in Resources */,
				C6121BEC19FE353300599354 /* LaunchScreen.xib in Resources */,
				C6121BE919FE353300599354 /* Images.xcassets in Resources */,
			);
			runOnlyForDeploymentPostprocessing = 0;
		};
		C6121BEF19FE353300599354 /* Resources */ = {
			isa = PBXResourcesBuildPhase;
			buildActionMask = 2147483647;
			files = (
			);
			runOnlyForDeploymentPostprocessing = 0;
		};
/* End PBXResourcesBuildPhase section */

/* Begin PBXSourcesBuildPhase section */
		C6121BD419FE353300599354 /* Sources */ = {
			isa = PBXSourcesBuildPhase;
			buildActionMask = 2147483647;
			files = (
				C6121BE419FE353300599354 /* ViewController.m in Sources */,
				C6121BE119FE353300599354 /* AppDelegate.m in Sources */,
				C6121BDE19FE353300599354 /* main.m in Sources */,
			);
			runOnlyForDeploymentPostprocessing = 0;
		};
		C6121BED19FE353300599354 /* Sources */ = {
			isa = PBXSourcesBuildPhase;
			buildActionMask = 2147483647;
			files = (
				C6121BF819FE353300599354 /* TestProjTests.m in Sources */,
			);
			runOnlyForDeploymentPostprocessing = 0;
		};
/* End PBXSourcesBuildPhase section */

/* Begin PBXTargetDependency section */
		C6121BF319FE353300599354 /* PBXTargetDependency */ = {
			isa = PBXTargetDependency;
			target = C6121BD719FE353300599354 /* TestProj */;
			targetProxy = C6121BF219FE353300599354 /* PBXContainerItemProxy */;
		};
/* End PBXTargetDependency section */

/* Begin PBXVariantGroup section */
		C6121BE519FE353300599354 /* Main.storyboard */ = {
			isa = PBXVariantGroup;
			children = (
				C6121BE619FE353300599354 /* Base */,
			);
			name = Main.storyboard;
			sourceTree = "<group>";
		};
		C6121BEA19FE353300599354 /* LaunchScreen.xib */ = {
			isa = PBXVariantGroup;
			children = (
				C6121BEB19FE353300599354 /* Base */,
			);
			name = LaunchScreen.xib;
			sourceTree = "<group>";
		};
/* End PBXVariantGroup section */

/* Begin XCBuildConfiguration section */
		C6121BF919FE353300599354 /* Debug */ = {
			isa = XCBuildConfiguration;
			buildSettings = {
				ALWAYS_SEARCH_USER_PATHS = NO;
				CLANG_CXX_LANGUAGE_STANDARD = "gnu++0x";
				CLANG_CXX_LIBRARY = "libc++";
				CLANG_ENABLE_MODULES = YES;
				CLANG_ENABLE_OBJC_ARC = YES;
				CLANG_WARN_BOOL_CONVERSION = YES;
				CLANG_WARN_CONSTANT_CONVERSION = YES;
				CLANG_WARN_DIRECT_OBJC_ISA_USAGE = YES_ERROR;
				CLANG_WARN_EMPTY_BODY = YES;
				CLANG_WARN_ENUM_CONVERSION = YES;
				CLANG_WARN_INT_CONVERSION = YES;
				CLANG_WARN_OBJC_ROOT_CLASS = YES_ERROR;
				CLANG_WARN_UNREACHABLE_CODE = YES;
				CLANG_WARN__DUPLICATE_METHOD_MATCH = YES;
				"CODE_SIGN_IDENTITY[sdk=iphoneos*]" = "iPhone Developer";
				COPY_PHASE_STRIP = NO;
				ENABLE_STRICT_OBJC_MSGSEND = YES;
				GCC_C_LANGUAGE_STANDARD = gnu99;
				GCC_DYNAMIC_NO_PIC = NO;
				GCC_OPTIMIZATION_LEVEL = 0;
				GCC_PREPROCESSOR_DEFINITIONS = (
					"DEBUG=1",
					"$(inherited)",
				);
				GCC_SYMBOLS_PRIVATE_EXTERN = NO;
				GCC_WARN_64_TO_32_BIT_CONVERSION = YES;
				GCC_WARN_ABOUT_RETURN_TYPE = YES_ERROR;
				GCC_WARN_UNDECLARED_SELECTOR = YES;
				GCC_WARN_UNINITIALIZED_AUTOS = YES_AGGRESSIVE;
				GCC_WARN_UNUSED_FUNCTION = YES;
				GCC_WARN_UNUSED_VARIABLE = YES;
				IPHONEOS_DEPLOYMENT_TARGET = 8.0;
				MTL_ENABLE_DEBUG_INFO = YES;
				ONLY_ACTIVE_ARCH = YES;
				SDKROOT = iphoneos;
			};
			name = Debug;
		};
		C6121BFA19FE353300599354 /* Release */ = {
			isa = XCBuildConfiguration;
			buildSettings = {
				ALWAYS_SEARCH_USER_PATHS = NO;
				CLANG_CXX_LANGUAGE_STANDARD = "gnu++0x";
				CLANG_CXX_LIBRARY = "libc++";
				CLANG_ENABLE_MODULES = YES;
				CLANG_ENABLE_OBJC_ARC = YES;
				CLANG_WARN_BOOL_CONVERSION = YES;
				CLANG_WARN_CONSTANT_CONVERSION = YES;
				CLANG_WARN_DIRECT_OBJC_ISA_USAGE = YES_ERROR;
				CLANG_WARN_EMPTY_BODY = YES;
				CLANG_WARN_ENUM_CONVERSION = YES;
				CLANG_WARN_INT_CONVERSION = YES;
				CLANG_WARN_OBJC_ROOT_CLASS = YES_ERROR;
				CLANG_WARN_UNREACHABLE_CODE = YES;
				CLANG_WARN__DUPLICATE_METHOD_MATCH = YES;
				"CODE_SIGN_IDENTITY[sdk=iphoneos*]" = "iPhone Developer";
				COPY_PHASE_STRIP = YES;
				ENABLE_NS_ASSERTIONS = NO;
				ENABLE_STRICT_OBJC_MSGSEND = YES;
				GCC_C_LANGUAGE_STANDARD = gnu99;
				GCC_WARN_64_TO_32_BIT_CONVERSION = YES;
				GCC_WARN_ABOUT_RETURN_TYPE = YES_ERROR;
				GCC_WARN_UNDECLARED_SELECTOR = YES;
				GCC_WARN_UNINITIALIZED_AUTOS = YES_AGGRESSIVE;
				GCC_WARN_UNUSED_FUNCTION = YES;
				GCC_WARN_UNUSED_VARIABLE = YES;
				IPHONEOS_DEPLOYMENT_TARGET = 8.0;
				MTL_ENABLE_DEBUG_INFO = NO;
				SDKROOT = iphoneos;
				VALIDATE_PRODUCT = YES;
			};
			name = Release;
		};
		C6121BFC19FE353300599354 /* Debug */ = {
			isa = XCBuildConfiguration;
			buildSettings = {
				ASSETCATALOG_COMPILER_APPICON_NAME = AppIcon;
				INFOPLIST_FILE = TestProj/Info.plist;
				LD_RUNPATH_SEARCH_PATHS = "$(inherited) @executable_path/Frameworks";
				PRODUCT_NAME = "$(TARGET_NAME)";
			};
			name = Debug;
		};
		C6121BFD19FE353300599354 /* Release */ = {
			isa = XCBuildConfiguration;
			buildSettings = {
				ASSETCATALOG_COMPILER_APPICON_NAME = AppIcon;
				INFOPLIST_FILE = TestProj/Info.plist;
				LD_RUNPATH_SEARCH_PATHS = "$(inherited) @executable_path/Frameworks";
				PRODUCT_NAME = "$(TARGET_NAME)";
			};
			name = Release;
		};
		C6121BFF19FE353300599354 /* Debug */ = {
			isa = XCBuildConfiguration;
			buildSettings = {
				BUNDLE_LOADER = "$(TEST_HOST)";
				FRAMEWORK_SEARCH_PATHS = (
					"$(SDKROOT)/Developer/Library/Frameworks",
					"$(inherited)",
				);
				GCC_PREPROCESSOR_DEFINITIONS = (
					"DEBUG=1",
					"$(inherited)",
				);
				INFOPLIST_FILE = TestProjTests/Info.plist;
				LD_RUNPATH_SEARCH_PATHS = "$(inherited) @executable_path/Frameworks @loader_path/Frameworks";
				PRODUCT_NAME = "$(TARGET_NAME)";
				TEST_HOST = "$(BUILT_PRODUCTS_DIR)/TestProj.app/TestProj";
			};
			name = Debug;
		};
		C6121C0019FE353300599354 /* Release */ = {
			isa = XCBuildConfiguration;
			buildSettings = {
				BUNDLE_LOADER = "$(TEST_HOST)";
				FRAMEWORK_SEARCH_PATHS = (
					"$(SDKROOT)/Developer/Library/Frameworks",
					"$(inherited)",
				);
				INFOPLIST_FILE = TestProjTests/Info.plist;
				LD_RUNPATH_SEARCH_PATHS = "$(inherited) @executable_path/Frameworks @loader_path/Frameworks";
				PRODUCT_NAME = "$(TARGET_NAME)";
				TEST_HOST = "$(BUILT_PRODUCTS_DIR)/TestProj.app/TestProj";
			};
			name = Release;
		};
/* End XCBuildConfiguration section */

/* Begin XCConfigurationList section */
		C6121BD319FE353300599354 /* Build configuration list for PBXProject "TestProj" */ = {
			isa = XCConfigurationList;
			buildConfigurations = (
				C6121BF919FE353300599354 /* Debug */,
				C6121BFA19FE353300599354 /* Release */,
			);
			defaultConfigurationIsVisible = 0;
			defaultConfigurationName = Release;
		};
		C6121BFB19FE353300599354 /* Build configuration list for PBXNativeTarget "TestProj" */ = {
			isa = XCConfigurationList;
			buildConfigurations = (
				C6121BFC19FE353300599354 /* Debug */,
				C6121BFD19FE353300599354 /* Release */,
			);
			defaultConfigurationIsVisible = 0;
		};
		C6121BFE19FE353300599354 /* Build configuration list for PBXNativeTarget "TestProjTests" */ = {
			isa = XCConfigurationList;
			buildConfigurations = (
				C6121BFF19FE353300599354 /* Debug */,
				C6121C0019FE353300599354 /* Release */,
			);
			defaultConfigurationIsVisible = 0;
		};
/* End XCConfigurationList section */
	};
	rootObject = C6121BD019FE353300599354 /* Project object */;
}
